
Microsoft Visual Studio Solution File, Format Version 12.00
# Visual Studio Version 17
VisualStudioVersion = 17.2.32630.192
MinimumVisualStudioVersion = 10.0.40219.1
Project("{FAE04EC0-301F-11D3-BF4B-00C04F79EFBC}") = "DataAccess", "DataAccess\DataAccess.csproj", "{8B856BD5-90F3-4CED-927C-3B1F427525F1}"
EndProject
Project("{FAE04EC0-301F-11D3-BF4B-00C04F79EFBC}") = "Business", "Business\Business.csproj", "{C71A7E48-F46B-4583-973F-6A3BAEFCB147}"
EndProject
Project("{FAE04EC0-301F-11D3-BF4B-00C04F79EFBC}") = "ConsoleUI", "ConsoleUI\ConsoleUI.csproj", "{9484F049-8E20-4435-AA20-DE290A5E34C2}"
EndProject
Project("{FAE04EC0-301F-11D3-BF4B-00C04F79EFBC}") = "Entities", "Entities\Entities.csproj", "{14B94A24-5F18-46DB-981E-F16D9E6DB7CC}"
EndProject
Global
	GlobalSection(SolutionConfigurationPlatforms) = preSolution
		Debug|Any CPU = Debug|Any CPU
		Release|Any CPU = Release|Any CPU
	EndGlobalSection
	GlobalSection(ProjectConfigurationPlatforms) = postSolution
		{8B856BD5-90F3-4CED-927C-3B1F427525F1}.Debug|Any CPU.ActiveCfg = Debug|Any CPU
		{8B856BD5-90F3-4CED-927C-3B1F427525F1}.Debug|Any CPU.Build.0 = Debug|Any CPU
		{8B856BD5-90F3-4CED-927C-3B1F427525F1}.Release|Any CPU.ActiveCfg = Release|Any CPU
		{8B856BD5-90F3-4CED-927C-3B1F427525F1}.Release|Any CPU.Build.0 = Release|Any CPU
		{C71A7E48-F46B-4583-973F-6A3BAEFCB147}.Debug|Any CPU.ActiveCfg = Debug|Any CPU
		{C71A7E48-F46B-4583-973F-6A3BAEFCB147}.Debug|Any CPU.Build.0 = Debug|Any CPU
		{C71A7E48-F46B-4583-973F-6A3BAEFCB147}.Release|Any CPU.ActiveCfg = Release|Any CPU
		{C71A7E48-F46B-4583-973F-6A3BAEFCB147}.Release|Any CPU.Build.0 = Release|Any CPU
		{9484F049-8E20-4435-AA20-DE290A5E34C2}.Debug|Any CPU.ActiveCfg = Debug|Any CPU
		{9484F049-8E20-4435-AA20-DE290A5E34C2}.Debug|Any CPU.Build.0 = Debug|Any CPU
		{9484F049-8E20-4435-AA20-DE290A5E34C2}.Release|Any CPU.ActiveCfg = Release|Any CPU
		{9484F049-8E20-4435-AA20-DE290A5E34C2}.Release|Any CPU.Build.0 = Release|Any CPU
		{14B94A24-5F18-46DB-981E-F16D9E6DB7CC}.Debug|Any CPU.ActiveCfg = Debug|Any CPU
		{14B94A24-5F18-46DB-981E-F16D9E6DB7CC}.Debug|Any CPU.Build.0 = Debug|Any CPU
		{14B94A24-5F18-46DB-981E-F16D9E6DB7CC}.Release|Any CPU.ActiveCfg = Release|Any CPU
		{14B94A24-5F18-46DB-981E-F16D9E6DB7CC}.Release|Any CPU.Build.0 = Release|Any CPU
	EndGlobalSection
	GlobalSection(SolutionProperties) = preSolution
		HideSolutionNode = FALSE
	EndGlobalSection
	GlobalSection(ExtensibilityGlobals) = postSolution
		SolutionGuid = {F1128844-3BD4-4C13-86B9-8564A9C3CFB5}
	EndGlobalSection
EndGlobal
